
Microsoft Visual Studio Solution File, Format Version 12.00
# Visual Studio Version 17
VisualStudioVersion = 17.5.33502.453
MinimumVisualStudioVersion = 10.0.40219.1
Project("{FAE04EC0-301F-11D3-BF4B-00C04F79EFBC}") = "Practice3", "Practice3\Practice3.csproj", "{164EE90D-DF04-43A7-AA8C-A8EA5A5273BB}"
EndProject
Global
	GlobalSection(SolutionConfigurationPlatforms) = preSolution
		Debug|Any CPU = Debug|Any CPU
		Release|Any CPU = Release|Any CPU
	EndGlobalSection
	GlobalSection(ProjectConfigurationPlatforms) = postSolution
		{164EE90D-DF04-43A7-AA8C-A8EA5A5273BB}.Debug|Any CPU.ActiveCfg = Debug|Any CPU
		{164EE90D-DF04-43A7-AA8C-A8EA5A5273BB}.Debug|Any CPU.Build.0 = Debug|Any CPU
		{164EE90D-DF04-43A7-AA8C-A8EA5A5273BB}.Release|Any CPU.ActiveCfg = Release|Any CPU
		{164EE90D-DF04-43A7-AA8C-A8EA5A5273BB}.Release|Any CPU.Build.0 = Release|Any CPU
	EndGlobalSection
	GlobalSection(SolutionProperties) = preSolution
		HideSolutionNode = FALSE
	EndGlobalSection
	GlobalSection(ExtensibilityGlobals) = postSolution
		SolutionGuid = {8146606E-5CC3-40F7-859C-5C2D0A64FF8A}
	EndGlobalSection
EndGlobal
